
Microsoft Visual Studio Solution File, Format Version 12.00
# Visual Studio 15
VisualStudioVersion = 15.0.28307.902
MinimumVisualStudioVersion = 10.0.40219.1
Project("{FAE04EC0-301F-11D3-BF4B-00C04F79EFBC}") = "ConsoleApp1", "ConsoleApp1\ConsoleApp1.csproj", "{C53FF1C9-79AE-4A8A-872A-9989E496FC63}"
EndProject
Project("{FAE04EC0-301F-11D3-BF4B-00C04F79EFBC}") = "NUnitTestProject1", "NUnitTestProject1\NUnitTestProject1.csproj", "{4361E32B-54AC-48FF-9647-146CF6518EF8}"
EndProject
Global
	GlobalSection(SolutionConfigurationPlatforms) = preSolution
		Debug|Any CPU = Debug|Any CPU
		Release|Any CPU = Release|Any CPU
	EndGlobalSection
	GlobalSection(ProjectConfigurationPlatforms) = postSolution
		{C53FF1C9-79AE-4A8A-872A-9989E496FC63}.Debug|Any CPU.ActiveCfg = Debug|Any CPU
		{C53FF1C9-79AE-4A8A-872A-9989E496FC63}.Debug|Any CPU.Build.0 = Debug|Any CPU
		{C53FF1C9-79AE-4A8A-872A-9989E496FC63}.Release|Any CPU.ActiveCfg = Release|Any CPU
		{C53FF1C9-79AE-4A8A-872A-9989E496FC63}.Release|Any CPU.Build.0 = Release|Any CPU
		{4361E32B-54AC-48FF-9647-146CF6518EF8}.Debug|Any CPU.ActiveCfg = Debug|Any CPU
		{4361E32B-54AC-48FF-9647-146CF6518EF8}.Debug|Any CPU.Build.0 = Debug|Any CPU
		{4361E32B-54AC-48FF-9647-146CF6518EF8}.Release|Any CPU.ActiveCfg = Release|Any CPU
		{4361E32B-54AC-48FF-9647-146CF6518EF8}.Release|Any CPU.Build.0 = Release|Any CPU
	EndGlobalSection
	GlobalSection(SolutionProperties) = preSolution
		HideSolutionNode = FALSE
	EndGlobalSection
	GlobalSection(ExtensibilityGlobals) = postSolution
		SolutionGuid = {13D603DB-2C64-44B9-89DB-EF624EA2FF52}
	EndGlobalSection
EndGlobal
